
Microsoft Visual Studio Solution File, Format Version 12.00
# Visual Studio Version 17
VisualStudioVersion = 17.7.34031.279
MinimumVisualStudioVersion = 10.0.40219.1
Project("{FAE04EC0-301F-11D3-BF4B-00C04F79EFBC}") = "CsLab5", "CsLab5.csproj", "{A1323A74-5DA4-491B-89D3-05B8CB1BA829}"
EndProject
Global
	GlobalSection(SolutionConfigurationPlatforms) = preSolution
		Debug|Any CPU = Debug|Any CPU
		Release|Any CPU = Release|Any CPU
	EndGlobalSection
	GlobalSection(ProjectConfigurationPlatforms) = postSolution
		{A1323A74-5DA4-491B-89D3-05B8CB1BA829}.Debug|Any CPU.ActiveCfg = Debug|Any CPU
		{A1323A74-5DA4-491B-89D3-05B8CB1BA829}.Debug|Any CPU.Build.0 = Debug|Any CPU
		{A1323A74-5DA4-491B-89D3-05B8CB1BA829}.Release|Any CPU.ActiveCfg = Release|Any CPU
		{A1323A74-5DA4-491B-89D3-05B8CB1BA829}.Release|Any CPU.Build.0 = Release|Any CPU
	EndGlobalSection
	GlobalSection(SolutionProperties) = preSolution
		HideSolutionNode = FALSE
	EndGlobalSection
	GlobalSection(ExtensibilityGlobals) = postSolution
		SolutionGuid = {E1C8C307-7934-4B34-B49C-9C0DB619FB18}
	EndGlobalSection
EndGlobal
